
Microsoft Visual Studio Solution File, Format Version 12.00
# Visual Studio 15
VisualStudioVersion = 15.0.28010.2050
MinimumVisualStudioVersion = 10.0.40219.1
Project("{FAE04EC0-301F-11D3-BF4B-00C04F79EFBC}") = "WPF1-Participation1", "WPF1-Participation1\WPF1-Participation1.csproj", "{110C0E99-E87F-41BC-A8A4-A832216D1776}"
EndProject
Global
	GlobalSection(SolutionConfigurationPlatforms) = preSolution
		Debug|Any CPU = Debug|Any CPU
		Release|Any CPU = Release|Any CPU
	EndGlobalSection
	GlobalSection(ProjectConfigurationPlatforms) = postSolution
		{110C0E99-E87F-41BC-A8A4-A832216D1776}.Debug|Any CPU.ActiveCfg = Debug|Any CPU
		{110C0E99-E87F-41BC-A8A4-A832216D1776}.Debug|Any CPU.Build.0 = Debug|Any CPU
		{110C0E99-E87F-41BC-A8A4-A832216D1776}.Release|Any CPU.ActiveCfg = Release|Any CPU
		{110C0E99-E87F-41BC-A8A4-A832216D1776}.Release|Any CPU.Build.0 = Release|Any CPU
	EndGlobalSection
	GlobalSection(SolutionProperties) = preSolution
		HideSolutionNode = FALSE
	EndGlobalSection
	GlobalSection(ExtensibilityGlobals) = postSolution
		SolutionGuid = {9725AABE-1310-44E6-A160-A07861F89324}
	EndGlobalSection
EndGlobal
